# THIS IS AN AUTOGENERATED FILE. DO NOT EDIT THIS FILE DIRECTLY.
# yarn lockfile v1


openzeppelin-solidity@^2.1.2:
  version "2.1.2"
  resolved "https://registry.yarnpkg.com/openzeppelin-solidity/-/openzeppelin-solidity-2.1.2.tgz#94e2bb92b60e91abb22c6fe27d983d92850fb324"
  integrity sha512-1ggh+AZFpMAgGfgnVMQ8dwYawjD2QN4xuWkQS4FUbeUz1fnCKJpguUl2cyadyfDYjBq1XJ6MA6VkzYpTZtJMqw==
